
Microsoft Visual Studio Solution File, Format Version 12.00
Project("{FAE04EC0-301F-11D3-BF4B-00C04F79EFBC}") = "SD_HW1", "SD_HW1\SD_HW1.csproj", "{BE61084A-BE0A-47AB-BAF3-E44CC3B2D419}"
EndProject
Project("{FAE04EC0-301F-11D3-BF4B-00C04F79EFBC}") = "ZooTests", "ZooTests\ZooTests.csproj", "{901A33AB-322C-448C-8686-AD11999DE53D}"
EndProject
Global
	GlobalSection(SolutionConfigurationPlatforms) = preSolution
		Debug|Any CPU = Debug|Any CPU
		Release|Any CPU = Release|Any CPU
	EndGlobalSection
	GlobalSection(ProjectConfigurationPlatforms) = postSolution
		{BE61084A-BE0A-47AB-BAF3-E44CC3B2D419}.Debug|Any CPU.ActiveCfg = Debug|Any CPU
		{BE61084A-BE0A-47AB-BAF3-E44CC3B2D419}.Debug|Any CPU.Build.0 = Debug|Any CPU
		{BE61084A-BE0A-47AB-BAF3-E44CC3B2D419}.Release|Any CPU.ActiveCfg = Release|Any CPU
		{BE61084A-BE0A-47AB-BAF3-E44CC3B2D419}.Release|Any CPU.Build.0 = Release|Any CPU
		{901A33AB-322C-448C-8686-AD11999DE53D}.Debug|Any CPU.ActiveCfg = Debug|Any CPU
		{901A33AB-322C-448C-8686-AD11999DE53D}.Debug|Any CPU.Build.0 = Debug|Any CPU
		{901A33AB-322C-448C-8686-AD11999DE53D}.Release|Any CPU.ActiveCfg = Release|Any CPU
		{901A33AB-322C-448C-8686-AD11999DE53D}.Release|Any CPU.Build.0 = Release|Any CPU
	EndGlobalSection
EndGlobal
